{
	"name": "lifebot.js",
	"version": "1.3.0",
	"lockfileVersion": 2,
	"requires": true,
	"packages": {
		"": {
			"name": "lifebot.js",
			"version": "1.3.0",
			"license": "GPL-3.0-or-later",
			"dependencies": {
				"better-sqlite3": "^7.6.2",
				"discord.js": "^14.3.0"
			}
		},
		"node_modules/@discordjs/builders": {
			"version": "1.2.0",
			"resolved": "https://registry.npmjs.org/@discordjs/builders/-/builders-1.2.0.tgz",
			"integrity": "sha512-ARy4BUTMU+S0ZI6605NDqfWO+qZqV2d/xfY32z3hVSsd9IaAKJBZ1ILTZLy87oIjW8+gUpQmk9Kt0ZP9bmmd8Q==",
			"dependencies": {
				"@sapphire/shapeshift": "^3.5.1",
				"discord-api-types": "^0.37.3",
				"fast-deep-equal": "^3.1.3",
				"ts-mixer": "^6.0.1",
				"tslib": "^2.4.0"
			},
			"engines": {
				"node": ">=16.9.0"
			}
		},
		"node_modules/@discordjs/collection": {
			"version": "1.1.0",
			"resolved": "https://registry.npmjs.org/@discordjs/collection/-/collection-1.1.0.tgz",
			"integrity": "sha512-PQ2Bv6pnT7aGPCKWbvvNRww5tYCGpggIQVgpuF9TdDPeR6n6vQYxezXiLVOS9z2B62Dp4c+qepQ15SgJbLYtCQ==",
			"engines": {
				"node": ">=16.9.0"
			}
		},
		"node_modules/@discordjs/rest": {
			"version": "1.1.0",
			"resolved": "https://registry.npmjs.org/@discordjs/rest/-/rest-1.1.0.tgz",
			"integrity": "sha512-yCrthRTQeUyNThQEpCk7bvQJlwQmz6kU0tf3dcWBv2WX3Bncl41x7Wc+v5b5OsIxfNYq38PvVtWircu9jtYZug==",
			"dependencies": {
				"@discordjs/collection": "^1.0.1",
				"@sapphire/async-queue": "^1.5.0",
				"@sapphire/snowflake": "^3.2.2",
				"discord-api-types": "^0.37.3",
				"file-type": "^17.1.6",
				"tslib": "^2.4.0",
				"undici": "^5.9.1"
			},
			"engines": {
				"node": ">=16.9.0"
			}
		},
		"node_modules/@sapphire/async-queue": {
			"version": "1.5.0",
			"resolved": "https://registry.npmjs.org/@sapphire/async-queue/-/async-queue-1.5.0.tgz",
			"integrity": "sha512-JkLdIsP8fPAdh9ZZjrbHWR/+mZj0wvKS5ICibcLrRI1j84UmLMshx5n9QmL8b95d4onJ2xxiyugTgSAX7AalmA==",
			"engines": {
				"node": ">=v14.0.0",
				"npm": ">=7.0.0"
			}
		},
		"node_modules/@sapphire/shapeshift": {
			"version": "3.5.1",
			"resolved": "https://registry.npmjs.org/@sapphire/shapeshift/-/shapeshift-3.5.1.tgz",
			"integrity": "sha512-7JFsW5IglyOIUQI1eE0g6h06D/Far6HqpcowRScgCiLSqTf3hhkPWCWotVTtVycnDCMYIwPeaw6IEPBomKC8pA==",
			"dependencies": {
				"fast-deep-equal": "^3.1.3",
				"lodash.uniqwith": "^4.5.0"
			},
			"engines": {
				"node": ">=v14.0.0",
				"npm": ">=7.0.0"
			}
		},
		"node_modules/@sapphire/snowflake": {
			"version": "3.2.2",
			"resolved": "https://registry.npmjs.org/@sapphire/snowflake/-/snowflake-3.2.2.tgz",
			"integrity": "sha512-ula2O0kpSZtX9rKXNeQMrHwNd7E4jPDJYUXmEGTFdMRfyfMw+FPyh04oKMjAiDuOi64bYgVkOV3MjK+loImFhQ==",
			"engines": {
				"node": ">=v14.0.0",
				"npm": ">=7.0.0"
			}
		},
		"node_modules/@tokenizer/token": {
			"version": "0.3.0",
			"resolved": "https://registry.npmjs.org/@tokenizer/token/-/token-0.3.0.tgz",
			"integrity": "sha512-OvjF+z51L3ov0OyAU0duzsYuvO01PH7x4t6DJx+guahgTnBHkhJdG7soQeTSFLWN3efnHyibZ4Z8l2EuWwJN3A=="
		},
		"node_modules/@types/node": {
			"version": "17.0.8",
			"license": "MIT"
		},
		"node_modules/@types/ws": {
			"version": "8.5.3",
			"license": "MIT",
			"dependencies": {
				"@types/node": "*"
			}
		},
		"node_modules/ansi-regex": {
			"version": "2.1.1",
			"license": "MIT",
			"engines": {
				"node": ">=0.10.0"
			}
		},
		"node_modules/aproba": {
			"version": "1.2.0",
			"license": "ISC"
		},
		"node_modules/are-we-there-yet": {
			"version": "1.1.7",
			"license": "ISC",
			"dependencies": {
				"delegates": "^1.0.0",
				"readable-stream": "^2.0.6"
			}
		},
		"node_modules/base64-js": {
			"version": "1.5.1",
			"funding": [
				{
					"type": "github",
					"url": "https://github.com/sponsors/feross"
				},
				{
					"type": "patreon",
					"url": "https://www.patreon.com/feross"
				},
				{
					"type": "consulting",
					"url": "https://feross.org/support"
				}
			],
			"license": "MIT"
		},
		"node_modules/better-sqlite3": {
			"version": "7.6.2",
			"resolved": "https://registry.npmjs.org/better-sqlite3/-/better-sqlite3-7.6.2.tgz",
			"integrity": "sha512-S5zIU1Hink2AH4xPsN0W43T1/AJ5jrPh7Oy07ocuW/AKYYY02GWzz9NH0nbSMn/gw6fDZ5jZ1QsHt1BXAwJ6Lg==",
			"hasInstallScript": true,
			"dependencies": {
				"bindings": "^1.5.0",
				"prebuild-install": "^7.1.0"
			}
		},
		"node_modules/bindings": {
			"version": "1.5.0",
			"license": "MIT",
			"dependencies": {
				"file-uri-to-path": "1.0.0"
			}
		},
		"node_modules/bl": {
			"version": "4.1.0",
			"license": "MIT",
			"dependencies": {
				"buffer": "^5.5.0",
				"inherits": "^2.0.4",
				"readable-stream": "^3.4.0"
			}
		},
		"node_modules/bl/node_modules/readable-stream": {
			"version": "3.6.0",
			"license": "MIT",
			"dependencies": {
				"inherits": "^2.0.3",
				"string_decoder": "^1.1.1",
				"util-deprecate": "^1.0.1"
			},
			"engines": {
				"node": ">= 6"
			}
		},
		"node_modules/buffer": {
			"version": "5.7.1",
			"funding": [
				{
					"type": "github",
					"url": "https://github.com/sponsors/feross"
				},
				{
					"type": "patreon",
					"url": "https://www.patreon.com/feross"
				},
				{
					"type": "consulting",
					"url": "https://feross.org/support"
				}
			],
			"license": "MIT",
			"dependencies": {
				"base64-js": "^1.3.1",
				"ieee754": "^1.1.13"
			}
		},
		"node_modules/chownr": {
			"version": "1.1.4",
			"license": "ISC"
		},
		"node_modules/code-point-at": {
			"version": "1.1.0",
			"license": "MIT",
			"engines": {
				"node": ">=0.10.0"
			}
		},
		"node_modules/console-control-strings": {
			"version": "1.1.0",
			"license": "ISC"
		},
		"node_modules/core-util-is": {
			"version": "1.0.3",
			"license": "MIT"
		},
		"node_modules/decompress-response": {
			"version": "6.0.0",
			"license": "MIT",
			"dependencies": {
				"mimic-response": "^3.1.0"
			},
			"engines": {
				"node": ">=10"
			},
			"funding": {
				"url": "https://github.com/sponsors/sindresorhus"
			}
		},
		"node_modules/deep-extend": {
			"version": "0.6.0",
			"license": "MIT",
			"engines": {
				"node": ">=4.0.0"
			}
		},
		"node_modules/delegates": {
			"version": "1.0.0",
			"license": "MIT"
		},
		"node_modules/detect-libc": {
			"version": "2.0.1",
			"license": "Apache-2.0",
			"engines": {
				"node": ">=8"
			}
		},
		"node_modules/discord-api-types": {
			"version": "0.37.3",
			"resolved": "https://registry.npmjs.org/discord-api-types/-/discord-api-types-0.37.3.tgz",
			"integrity": "sha512-LWcx1jDL8zanQJOPwNmHdFQTr/PFflDw1VYoRmTjme7LEKLr2Qqa2uz04gjN0eNEYskM2TYkOvNn3H5rblFM6g=="
		},
		"node_modules/discord.js": {
			"version": "14.3.0",
			"resolved": "https://registry.npmjs.org/discord.js/-/discord.js-14.3.0.tgz",
			"integrity": "sha512-CpIwoAAuELiHSgVKRMzsCADS6ZlJwAZ9RlvcJYdEgS00aW36dSvXyBgE+S3pigkc7G+jU6BEalMUWIJFveqrBQ==",
			"dependencies": {
				"@discordjs/builders": "^1.2.0",
				"@discordjs/collection": "^1.1.0",
				"@discordjs/rest": "^1.1.0",
				"@sapphire/snowflake": "^3.2.2",
				"@types/ws": "^8.5.3",
				"discord-api-types": "^0.37.3",
				"fast-deep-equal": "^3.1.3",
				"lodash.snakecase": "^4.1.1",
				"tslib": "^2.4.0",
				"undici": "^5.9.1",
				"ws": "^8.8.1"
			},
			"engines": {
				"node": ">=16.9.0"
			}
		},
		"node_modules/end-of-stream": {
			"version": "1.4.4",
			"license": "MIT",
			"dependencies": {
				"once": "^1.4.0"
			}
		},
		"node_modules/expand-template": {
			"version": "2.0.3",
			"license": "(MIT OR WTFPL)",
			"engines": {
				"node": ">=6"
			}
		},
		"node_modules/fast-deep-equal": {
			"version": "3.1.3",
			"resolved": "https://registry.npmjs.org/fast-deep-equal/-/fast-deep-equal-3.1.3.tgz",
			"integrity": "sha512-f3qQ9oQy9j2AhBe/H9VC91wLmKBCCU/gDOnKNAYG5hswO7BLKj09Hc5HYNz9cGI++xlpDCIgDaitVs03ATR84Q=="
		},
		"node_modules/file-type": {
			"version": "17.1.6",
			"resolved": "https://registry.npmjs.org/file-type/-/file-type-17.1.6.tgz",
			"integrity": "sha512-hlDw5Ev+9e883s0pwUsuuYNu4tD7GgpUnOvykjv1Gya0ZIjuKumthDRua90VUn6/nlRKAjcxLUnHNTIUWwWIiw==",
			"dependencies": {
				"readable-web-to-node-stream": "^3.0.2",
				"strtok3": "^7.0.0-alpha.9",
				"token-types": "^5.0.0-alpha.2"
			},
			"engines": {
				"node": "^12.20.0 || ^14.13.1 || >=16.0.0"
			},
			"funding": {
				"url": "https://github.com/sindresorhus/file-type?sponsor=1"
			}
		},
		"node_modules/file-uri-to-path": {
			"version": "1.0.0",
			"license": "MIT"
		},
		"node_modules/fs-constants": {
			"version": "1.0.0",
			"license": "MIT"
		},
		"node_modules/gauge": {
			"version": "2.7.4",
			"license": "ISC",
			"dependencies": {
				"aproba": "^1.0.3",
				"console-control-strings": "^1.0.0",
				"has-unicode": "^2.0.0",
				"object-assign": "^4.1.0",
				"signal-exit": "^3.0.0",
				"string-width": "^1.0.1",
				"strip-ansi": "^3.0.1",
				"wide-align": "^1.1.0"
			}
		},
		"node_modules/github-from-package": {
			"version": "0.0.0",
			"license": "MIT"
		},
		"node_modules/has-unicode": {
			"version": "2.0.1",
			"license": "ISC"
		},
		"node_modules/ieee754": {
			"version": "1.2.1",
			"funding": [
				{
					"type": "github",
					"url": "https://github.com/sponsors/feross"
				},
				{
					"type": "patreon",
					"url": "https://www.patreon.com/feross"
				},
				{
					"type": "consulting",
					"url": "https://feross.org/support"
				}
			],
			"license": "BSD-3-Clause"
		},
		"node_modules/inherits": {
			"version": "2.0.4",
			"license": "ISC"
		},
		"node_modules/ini": {
			"version": "1.3.8",
			"license": "ISC"
		},
		"node_modules/is-fullwidth-code-point": {
			"version": "1.0.0",
			"license": "MIT",
			"dependencies": {
				"number-is-nan": "^1.0.0"
			},
			"engines": {
				"node": ">=0.10.0"
			}
		},
		"node_modules/isarray": {
			"version": "1.0.0",
			"license": "MIT"
		},
		"node_modules/lodash.snakecase": {
			"version": "4.1.1",
			"license": "MIT"
		},
		"node_modules/lodash.uniqwith": {
			"version": "4.5.0",
			"resolved": "https://registry.npmjs.org/lodash.uniqwith/-/lodash.uniqwith-4.5.0.tgz",
			"integrity": "sha512-7lYL8bLopMoy4CTICbxygAUq6CdRJ36vFc80DucPueUee+d5NBRxz3FdT9Pes/HEx5mPoT9jwnsEJWz1N7uq7Q=="
		},
		"node_modules/lru-cache": {
			"version": "6.0.0",
			"license": "ISC",
			"dependencies": {
				"yallist": "^4.0.0"
			},
			"engines": {
				"node": ">=10"
			}
		},
		"node_modules/mimic-response": {
			"version": "3.1.0",
			"license": "MIT",
			"engines": {
				"node": ">=10"
			},
			"funding": {
				"url": "https://github.com/sponsors/sindresorhus"
			}
		},
		"node_modules/minimist": {
			"version": "1.2.6",
			"license": "MIT"
		},
		"node_modules/mkdirp-classic": {
			"version": "0.5.3",
			"license": "MIT"
		},
		"node_modules/napi-build-utils": {
			"version": "1.0.2",
			"license": "MIT"
		},
		"node_modules/node-abi": {
			"version": "3.22.0",
			"license": "MIT",
			"dependencies": {
				"semver": "^7.3.5"
			},
			"engines": {
				"node": ">=10"
			}
		},
		"node_modules/npmlog": {
			"version": "4.1.2",
			"license": "ISC",
			"dependencies": {
				"are-we-there-yet": "~1.1.2",
				"console-control-strings": "~1.1.0",
				"gauge": "~2.7.3",
				"set-blocking": "~2.0.0"
			}
		},
		"node_modules/number-is-nan": {
			"version": "1.0.1",
			"license": "MIT",
			"engines": {
				"node": ">=0.10.0"
			}
		},
		"node_modules/object-assign": {
			"version": "4.1.1",
			"license": "MIT",
			"engines": {
				"node": ">=0.10.0"
			}
		},
		"node_modules/once": {
			"version": "1.4.0",
			"license": "ISC",
			"dependencies": {
				"wrappy": "1"
			}
		},
		"node_modules/peek-readable": {
			"version": "5.0.0",
			"resolved": "https://registry.npmjs.org/peek-readable/-/peek-readable-5.0.0.tgz",
			"integrity": "sha512-YtCKvLUOvwtMGmrniQPdO7MwPjgkFBtFIrmfSbYmYuq3tKDV/mcfAhBth1+C3ru7uXIZasc/pHnb+YDYNkkj4A==",
			"engines": {
				"node": ">=14.16"
			},
			"funding": {
				"type": "github",
				"url": "https://github.com/sponsors/Borewit"
			}
		},
		"node_modules/prebuild-install": {
			"version": "7.1.0",
			"license": "MIT",
			"dependencies": {
				"detect-libc": "^2.0.0",
				"expand-template": "^2.0.3",
				"github-from-package": "0.0.0",
				"minimist": "^1.2.3",
				"mkdirp-classic": "^0.5.3",
				"napi-build-utils": "^1.0.1",
				"node-abi": "^3.3.0",
				"npmlog": "^4.0.1",
				"pump": "^3.0.0",
				"rc": "^1.2.7",
				"simple-get": "^4.0.0",
				"tar-fs": "^2.0.0",
				"tunnel-agent": "^0.6.0"
			},
			"bin": {
				"prebuild-install": "bin.js"
			},
			"engines": {
				"node": ">=10"
			}
		},
		"node_modules/process-nextick-args": {
			"version": "2.0.1",
			"license": "MIT"
		},
		"node_modules/pump": {
			"version": "3.0.0",
			"license": "MIT",
			"dependencies": {
				"end-of-stream": "^1.1.0",
				"once": "^1.3.1"
			}
		},
		"node_modules/rc": {
			"version": "1.2.8",
			"license": "(BSD-2-Clause OR MIT OR Apache-2.0)",
			"dependencies": {
				"deep-extend": "^0.6.0",
				"ini": "~1.3.0",
				"minimist": "^1.2.0",
				"strip-json-comments": "~2.0.1"
			},
			"bin": {
				"rc": "cli.js"
			}
		},
		"node_modules/readable-stream": {
			"version": "2.3.7",
			"license": "MIT",
			"dependencies": {
				"core-util-is": "~1.0.0",
				"inherits": "~2.0.3",
				"isarray": "~1.0.0",
				"process-nextick-args": "~2.0.0",
				"safe-buffer": "~5.1.1",
				"string_decoder": "~1.1.1",
				"util-deprecate": "~1.0.1"
			}
		},
		"node_modules/readable-web-to-node-stream": {
			"version": "3.0.2",
			"resolved": "https://registry.npmjs.org/readable-web-to-node-stream/-/readable-web-to-node-stream-3.0.2.tgz",
			"integrity": "sha512-ePeK6cc1EcKLEhJFt/AebMCLL+GgSKhuygrZ/GLaKZYEecIgIECf4UaUuaByiGtzckwR4ain9VzUh95T1exYGw==",
			"dependencies": {
				"readable-stream": "^3.6.0"
			},
			"engines": {
				"node": ">=8"
			},
			"funding": {
				"type": "github",
				"url": "https://github.com/sponsors/Borewit"
			}
		},
		"node_modules/readable-web-to-node-stream/node_modules/readable-stream": {
			"version": "3.6.0",
			"resolved": "https://registry.npmjs.org/readable-stream/-/readable-stream-3.6.0.tgz",
			"integrity": "sha512-BViHy7LKeTz4oNnkcLJ+lVSL6vpiFeX6/d3oSH8zCW7UxP2onchk+vTGB143xuFjHS3deTgkKoXXymXqymiIdA==",
			"dependencies": {
				"inherits": "^2.0.3",
				"string_decoder": "^1.1.1",
				"util-deprecate": "^1.0.1"
			},
			"engines": {
				"node": ">= 6"
			}
		},
		"node_modules/safe-buffer": {
			"version": "5.1.2",
			"license": "MIT"
		},
		"node_modules/semver": {
			"version": "7.3.7",
			"license": "ISC",
			"dependencies": {
				"lru-cache": "^6.0.0"
			},
			"bin": {
				"semver": "bin/semver.js"
			},
			"engines": {
				"node": ">=10"
			}
		},
		"node_modules/set-blocking": {
			"version": "2.0.0",
			"license": "ISC"
		},
		"node_modules/signal-exit": {
			"version": "3.0.7",
			"license": "ISC"
		},
		"node_modules/simple-concat": {
			"version": "1.0.1",
			"funding": [
				{
					"type": "github",
					"url": "https://github.com/sponsors/feross"
				},
				{
					"type": "patreon",
					"url": "https://www.patreon.com/feross"
				},
				{
					"type": "consulting",
					"url": "https://feross.org/support"
				}
			],
			"license": "MIT"
		},
		"node_modules/simple-get": {
			"version": "4.0.1",
			"funding": [
				{
					"type": "github",
					"url": "https://github.com/sponsors/feross"
				},
				{
					"type": "patreon",
					"url": "https://www.patreon.com/feross"
				},
				{
					"type": "consulting",
					"url": "https://feross.org/support"
				}
			],
			"license": "MIT",
			"dependencies": {
				"decompress-response": "^6.0.0",
				"once": "^1.3.1",
				"simple-concat": "^1.0.0"
			}
		},
		"node_modules/string_decoder": {
			"version": "1.1.1",
			"license": "MIT",
			"dependencies": {
				"safe-buffer": "~5.1.0"
			}
		},
		"node_modules/string-width": {
			"version": "1.0.2",
			"license": "MIT",
			"dependencies": {
				"code-point-at": "^1.0.0",
				"is-fullwidth-code-point": "^1.0.0",
				"strip-ansi": "^3.0.0"
			},
			"engines": {
				"node": ">=0.10.0"
			}
		},
		"node_modules/strip-ansi": {
			"version": "3.0.1",
			"license": "MIT",
			"dependencies": {
				"ansi-regex": "^2.0.0"
			},
			"engines": {
				"node": ">=0.10.0"
			}
		},
		"node_modules/strip-json-comments": {
			"version": "2.0.1",
			"license": "MIT",
			"engines": {
				"node": ">=0.10.0"
			}
		},
		"node_modules/strtok3": {
			"version": "7.0.0",
			"resolved": "https://registry.npmjs.org/strtok3/-/strtok3-7.0.0.tgz",
			"integrity": "sha512-pQ+V+nYQdC5H3Q7qBZAz/MO6lwGhoC2gOAjuouGf/VO0m7vQRh8QNMl2Uf6SwAtzZ9bOw3UIeBukEGNJl5dtXQ==",
			"dependencies": {
				"@tokenizer/token": "^0.3.0",
				"peek-readable": "^5.0.0"
			},
			"engines": {
				"node": ">=14.16"
			},
			"funding": {
				"type": "github",
				"url": "https://github.com/sponsors/Borewit"
			}
		},
		"node_modules/tar-fs": {
			"version": "2.1.1",
			"license": "MIT",
			"dependencies": {
				"chownr": "^1.1.1",
				"mkdirp-classic": "^0.5.2",
				"pump": "^3.0.0",
				"tar-stream": "^2.1.4"
			}
		},
		"node_modules/tar-stream": {
			"version": "2.2.0",
			"license": "MIT",
			"dependencies": {
				"bl": "^4.0.3",
				"end-of-stream": "^1.4.1",
				"fs-constants": "^1.0.0",
				"inherits": "^2.0.3",
				"readable-stream": "^3.1.1"
			},
			"engines": {
				"node": ">=6"
			}
		},
		"node_modules/tar-stream/node_modules/readable-stream": {
			"version": "3.6.0",
			"license": "MIT",
			"dependencies": {
				"inherits": "^2.0.3",
				"string_decoder": "^1.1.1",
				"util-deprecate": "^1.0.1"
			},
			"engines": {
				"node": ">= 6"
			}
		},
		"node_modules/token-types": {
			"version": "5.0.1",
			"resolved": "https://registry.npmjs.org/token-types/-/token-types-5.0.1.tgz",
			"integrity": "sha512-Y2fmSnZjQdDb9W4w4r1tswlMHylzWIeOKpx0aZH9BgGtACHhrk3OkT52AzwcuqTRBZtvvnTjDBh8eynMulu8Vg==",
			"dependencies": {
				"@tokenizer/token": "^0.3.0",
				"ieee754": "^1.2.1"
			},
			"engines": {
				"node": ">=14.16"
			},
			"funding": {
				"type": "github",
				"url": "https://github.com/sponsors/Borewit"
			}
		},
		"node_modules/ts-mixer": {
			"version": "6.0.1",
			"resolved": "https://registry.npmjs.org/ts-mixer/-/ts-mixer-6.0.1.tgz",
			"integrity": "sha512-hvE+ZYXuINrx6Ei6D6hz+PTim0Uf++dYbK9FFifLNwQj+RwKquhQpn868yZsCtJYiclZF1u8l6WZxxKi+vv7Rg=="
		},
		"node_modules/tslib": {
			"version": "2.4.0",
			"resolved": "https://registry.npmjs.org/tslib/-/tslib-2.4.0.tgz",
			"integrity": "sha512-d6xOpEDfsi2CZVlPQzGeux8XMwLT9hssAsaPYExaQMuYskwb+x1x7J371tWlbBdWHroy99KnVB6qIkUbs5X3UQ=="
		},
		"node_modules/tunnel-agent": {
			"version": "0.6.0",
			"license": "Apache-2.0",
			"dependencies": {
				"safe-buffer": "^5.0.1"
			},
			"engines": {
				"node": "*"
			}
		},
		"node_modules/undici": {
			"version": "5.9.1",
			"resolved": "https://registry.npmjs.org/undici/-/undici-5.9.1.tgz",
			"integrity": "sha512-6fB3a+SNnWEm4CJbgo0/CWR8RGcOCQP68SF4X0mxtYTq2VNN8T88NYrWVBAeSX+zb7bny2dx2iYhP3XHi00omg==",
			"engines": {
				"node": ">=12.18"
			}
		},
		"node_modules/util-deprecate": {
			"version": "1.0.2",
			"license": "MIT"
		},
		"node_modules/wide-align": {
			"version": "1.1.5",
			"license": "ISC",
			"dependencies": {
				"string-width": "^1.0.2 || 2 || 3 || 4"
			}
		},
		"node_modules/wrappy": {
			"version": "1.0.2",
			"license": "ISC"
		},
		"node_modules/ws": {
			"version": "8.8.1",
			"license": "MIT",
			"engines": {
				"node": ">=10.0.0"
			},
			"peerDependencies": {
				"bufferutil": "^4.0.1",
				"utf-8-validate": "^5.0.2"
			},
			"peerDependenciesMeta": {
				"bufferutil": {
					"optional": true
				},
				"utf-8-validate": {
					"optional": true
				}
			}
		},
		"node_modules/yallist": {
			"version": "4.0.0",
			"license": "ISC"
		}
	},
	"dependencies": {
		"@discordjs/builders": {
			"version": "1.2.0",
			"resolved": "https://registry.npmjs.org/@discordjs/builders/-/builders-1.2.0.tgz",
			"integrity": "sha512-ARy4BUTMU+S0ZI6605NDqfWO+qZqV2d/xfY32z3hVSsd9IaAKJBZ1ILTZLy87oIjW8+gUpQmk9Kt0ZP9bmmd8Q==",
			"requires": {
				"@sapphire/shapeshift": "^3.5.1",
				"discord-api-types": "^0.37.3",
				"fast-deep-equal": "^3.1.3",
				"ts-mixer": "^6.0.1",
				"tslib": "^2.4.0"
			}
		},
		"@discordjs/collection": {
			"version": "1.1.0",
			"resolved": "https://registry.npmjs.org/@discordjs/collection/-/collection-1.1.0.tgz",
			"integrity": "sha512-PQ2Bv6pnT7aGPCKWbvvNRww5tYCGpggIQVgpuF9TdDPeR6n6vQYxezXiLVOS9z2B62Dp4c+qepQ15SgJbLYtCQ=="
		},
		"@discordjs/rest": {
			"version": "1.1.0",
			"resolved": "https://registry.npmjs.org/@discordjs/rest/-/rest-1.1.0.tgz",
			"integrity": "sha512-yCrthRTQeUyNThQEpCk7bvQJlwQmz6kU0tf3dcWBv2WX3Bncl41x7Wc+v5b5OsIxfNYq38PvVtWircu9jtYZug==",
			"requires": {
				"@discordjs/collection": "^1.0.1",
				"@sapphire/async-queue": "^1.5.0",
				"@sapphire/snowflake": "^3.2.2",
				"discord-api-types": "^0.37.3",
				"file-type": "^17.1.6",
				"tslib": "^2.4.0",
				"undici": "^5.9.1"
			}
		},
		"@sapphire/async-queue": {
			"version": "1.5.0",
			"resolved": "https://registry.npmjs.org/@sapphire/async-queue/-/async-queue-1.5.0.tgz",
			"integrity": "sha512-JkLdIsP8fPAdh9ZZjrbHWR/+mZj0wvKS5ICibcLrRI1j84UmLMshx5n9QmL8b95d4onJ2xxiyugTgSAX7AalmA=="
		},
		"@sapphire/shapeshift": {
			"version": "3.5.1",
			"resolved": "https://registry.npmjs.org/@sapphire/shapeshift/-/shapeshift-3.5.1.tgz",
			"integrity": "sha512-7JFsW5IglyOIUQI1eE0g6h06D/Far6HqpcowRScgCiLSqTf3hhkPWCWotVTtVycnDCMYIwPeaw6IEPBomKC8pA==",
			"requires": {
				"fast-deep-equal": "^3.1.3",
				"lodash.uniqwith": "^4.5.0"
			}
		},
		"@sapphire/snowflake": {
			"version": "3.2.2",
			"resolved": "https://registry.npmjs.org/@sapphire/snowflake/-/snowflake-3.2.2.tgz",
			"integrity": "sha512-ula2O0kpSZtX9rKXNeQMrHwNd7E4jPDJYUXmEGTFdMRfyfMw+FPyh04oKMjAiDuOi64bYgVkOV3MjK+loImFhQ=="
		},
		"@tokenizer/token": {
			"version": "0.3.0",
			"resolved": "https://registry.npmjs.org/@tokenizer/token/-/token-0.3.0.tgz",
			"integrity": "sha512-OvjF+z51L3ov0OyAU0duzsYuvO01PH7x4t6DJx+guahgTnBHkhJdG7soQeTSFLWN3efnHyibZ4Z8l2EuWwJN3A=="
		},
		"@types/node": {
			"version": "17.0.8"
		},
		"@types/ws": {
			"version": "8.5.3",
			"requires": {
				"@types/node": "*"
			}
		},
		"ansi-regex": {
			"version": "2.1.1"
		},
		"aproba": {
			"version": "1.2.0"
		},
		"are-we-there-yet": {
			"version": "1.1.7",
			"requires": {
				"delegates": "^1.0.0",
				"readable-stream": "^2.0.6"
			}
		},
		"base64-js": {
			"version": "1.5.1"
		},
		"better-sqlite3": {
			"version": "7.6.2",
			"resolved": "https://registry.npmjs.org/better-sqlite3/-/better-sqlite3-7.6.2.tgz",
			"integrity": "sha512-S5zIU1Hink2AH4xPsN0W43T1/AJ5jrPh7Oy07ocuW/AKYYY02GWzz9NH0nbSMn/gw6fDZ5jZ1QsHt1BXAwJ6Lg==",
			"requires": {
				"bindings": "^1.5.0",
				"prebuild-install": "^7.1.0"
			}
		},
		"bindings": {
			"version": "1.5.0",
			"requires": {
				"file-uri-to-path": "1.0.0"
			}
		},
		"bl": {
			"version": "4.1.0",
			"requires": {
				"buffer": "^5.5.0",
				"inherits": "^2.0.4",
				"readable-stream": "^3.4.0"
			},
			"dependencies": {
				"readable-stream": {
					"version": "3.6.0",
					"requires": {
						"inherits": "^2.0.3",
						"string_decoder": "^1.1.1",
						"util-deprecate": "^1.0.1"
					}
				}
			}
		},
		"buffer": {
			"version": "5.7.1",
			"requires": {
				"base64-js": "^1.3.1",
				"ieee754": "^1.1.13"
			}
		},
		"chownr": {
			"version": "1.1.4"
		},
		"code-point-at": {
			"version": "1.1.0"
		},
		"console-control-strings": {
			"version": "1.1.0"
		},
		"core-util-is": {
			"version": "1.0.3"
		},
		"decompress-response": {
			"version": "6.0.0",
			"requires": {
				"mimic-response": "^3.1.0"
			}
		},
		"deep-extend": {
			"version": "0.6.0"
		},
		"delegates": {
			"version": "1.0.0"
		},
		"detect-libc": {
			"version": "2.0.1"
		},
		"discord-api-types": {
			"version": "0.37.3",
			"resolved": "https://registry.npmjs.org/discord-api-types/-/discord-api-types-0.37.3.tgz",
			"integrity": "sha512-LWcx1jDL8zanQJOPwNmHdFQTr/PFflDw1VYoRmTjme7LEKLr2Qqa2uz04gjN0eNEYskM2TYkOvNn3H5rblFM6g=="
		},
		"discord.js": {
			"version": "14.3.0",
			"resolved": "https://registry.npmjs.org/discord.js/-/discord.js-14.3.0.tgz",
			"integrity": "sha512-CpIwoAAuELiHSgVKRMzsCADS6ZlJwAZ9RlvcJYdEgS00aW36dSvXyBgE+S3pigkc7G+jU6BEalMUWIJFveqrBQ==",
			"requires": {
				"@discordjs/builders": "^1.2.0",
				"@discordjs/collection": "^1.1.0",
				"@discordjs/rest": "^1.1.0",
				"@sapphire/snowflake": "^3.2.2",
				"@types/ws": "^8.5.3",
				"discord-api-types": "^0.37.3",
				"fast-deep-equal": "^3.1.3",
				"lodash.snakecase": "^4.1.1",
				"tslib": "^2.4.0",
				"undici": "^5.9.1",
				"ws": "^8.8.1"
			}
		},
		"end-of-stream": {
			"version": "1.4.4",
			"requires": {
				"once": "^1.4.0"
			}
		},
		"expand-template": {
			"version": "2.0.3"
		},
		"fast-deep-equal": {
			"version": "3.1.3",
			"resolved": "https://registry.npmjs.org/fast-deep-equal/-/fast-deep-equal-3.1.3.tgz",
			"integrity": "sha512-f3qQ9oQy9j2AhBe/H9VC91wLmKBCCU/gDOnKNAYG5hswO7BLKj09Hc5HYNz9cGI++xlpDCIgDaitVs03ATR84Q=="
		},
		"file-type": {
			"version": "17.1.6",
			"resolved": "https://registry.npmjs.org/file-type/-/file-type-17.1.6.tgz",
			"integrity": "sha512-hlDw5Ev+9e883s0pwUsuuYNu4tD7GgpUnOvykjv1Gya0ZIjuKumthDRua90VUn6/nlRKAjcxLUnHNTIUWwWIiw==",
			"requires": {
				"readable-web-to-node-stream": "^3.0.2",
				"strtok3": "^7.0.0-alpha.9",
				"token-types": "^5.0.0-alpha.2"
			}
		},
		"file-uri-to-path": {
			"version": "1.0.0"
		},
		"fs-constants": {
			"version": "1.0.0"
		},
		"gauge": {
			"version": "2.7.4",
			"requires": {
				"aproba": "^1.0.3",
				"console-control-strings": "^1.0.0",
				"has-unicode": "^2.0.0",
				"object-assign": "^4.1.0",
				"signal-exit": "^3.0.0",
				"string-width": "^1.0.1",
				"strip-ansi": "^3.0.1",
				"wide-align": "^1.1.0"
			}
		},
		"github-from-package": {
			"version": "0.0.0"
		},
		"has-unicode": {
			"version": "2.0.1"
		},
		"ieee754": {
			"version": "1.2.1"
		},
		"inherits": {
			"version": "2.0.4"
		},
		"ini": {
			"version": "1.3.8"
		},
		"is-fullwidth-code-point": {
			"version": "1.0.0",
			"requires": {
				"number-is-nan": "^1.0.0"
			}
		},
		"isarray": {
			"version": "1.0.0"
		},
		"lodash.snakecase": {
			"version": "4.1.1"
		},
		"lodash.uniqwith": {
			"version": "4.5.0",
			"resolved": "https://registry.npmjs.org/lodash.uniqwith/-/lodash.uniqwith-4.5.0.tgz",
			"integrity": "sha512-7lYL8bLopMoy4CTICbxygAUq6CdRJ36vFc80DucPueUee+d5NBRxz3FdT9Pes/HEx5mPoT9jwnsEJWz1N7uq7Q=="
		},
		"lru-cache": {
			"version": "6.0.0",
			"requires": {
				"yallist": "^4.0.0"
			}
		},
		"mimic-response": {
			"version": "3.1.0"
		},
		"minimist": {
			"version": "1.2.6"
		},
		"mkdirp-classic": {
			"version": "0.5.3"
		},
		"napi-build-utils": {
			"version": "1.0.2"
		},
		"node-abi": {
			"version": "3.22.0",
			"requires": {
				"semver": "^7.3.5"
			}
		},
		"npmlog": {
			"version": "4.1.2",
			"requires": {
				"are-we-there-yet": "~1.1.2",
				"console-control-strings": "~1.1.0",
				"gauge": "~2.7.3",
				"set-blocking": "~2.0.0"
			}
		},
		"number-is-nan": {
			"version": "1.0.1"
		},
		"object-assign": {
			"version": "4.1.1"
		},
		"once": {
			"version": "1.4.0",
			"requires": {
				"wrappy": "1"
			}
		},
		"peek-readable": {
			"version": "5.0.0",
			"resolved": "https://registry.npmjs.org/peek-readable/-/peek-readable-5.0.0.tgz",
			"integrity": "sha512-YtCKvLUOvwtMGmrniQPdO7MwPjgkFBtFIrmfSbYmYuq3tKDV/mcfAhBth1+C3ru7uXIZasc/pHnb+YDYNkkj4A=="
		},
		"prebuild-install": {
			"version": "7.1.0",
			"requires": {
				"detect-libc": "^2.0.0",
				"expand-template": "^2.0.3",
				"github-from-package": "0.0.0",
				"minimist": "^1.2.3",
				"mkdirp-classic": "^0.5.3",
				"napi-build-utils": "^1.0.1",
				"node-abi": "^3.3.0",
				"npmlog": "^4.0.1",
				"pump": "^3.0.0",
				"rc": "^1.2.7",
				"simple-get": "^4.0.0",
				"tar-fs": "^2.0.0",
				"tunnel-agent": "^0.6.0"
			}
		},
		"process-nextick-args": {
			"version": "2.0.1"
		},
		"pump": {
			"version": "3.0.0",
			"requires": {
				"end-of-stream": "^1.1.0",
				"once": "^1.3.1"
			}
		},
		"rc": {
			"version": "1.2.8",
			"requires": {
				"deep-extend": "^0.6.0",
				"ini": "~1.3.0",
				"minimist": "^1.2.0",
				"strip-json-comments": "~2.0.1"
			}
		},
		"readable-stream": {
			"version": "2.3.7",
			"requires": {
				"core-util-is": "~1.0.0",
				"inherits": "~2.0.3",
				"isarray": "~1.0.0",
				"process-nextick-args": "~2.0.0",
				"safe-buffer": "~5.1.1",
				"string_decoder": "~1.1.1",
				"util-deprecate": "~1.0.1"
			}
		},
		"readable-web-to-node-stream": {
			"version": "3.0.2",
			"resolved": "https://registry.npmjs.org/readable-web-to-node-stream/-/readable-web-to-node-stream-3.0.2.tgz",
			"integrity": "sha512-ePeK6cc1EcKLEhJFt/AebMCLL+GgSKhuygrZ/GLaKZYEecIgIECf4UaUuaByiGtzckwR4ain9VzUh95T1exYGw==",
			"requires": {
				"readable-stream": "^3.6.0"
			},
			"dependencies": {
				"readable-stream": {
					"version": "3.6.0",
					"resolved": "https://registry.npmjs.org/readable-stream/-/readable-stream-3.6.0.tgz",
					"integrity": "sha512-BViHy7LKeTz4oNnkcLJ+lVSL6vpiFeX6/d3oSH8zCW7UxP2onchk+vTGB143xuFjHS3deTgkKoXXymXqymiIdA==",
					"requires": {
						"inherits": "^2.0.3",
						"string_decoder": "^1.1.1",
						"util-deprecate": "^1.0.1"
					}
				}
			}
		},
		"safe-buffer": {
			"version": "5.1.2"
		},
		"semver": {
			"version": "7.3.7",
			"requires": {
				"lru-cache": "^6.0.0"
			}
		},
		"set-blocking": {
			"version": "2.0.0"
		},
		"signal-exit": {
			"version": "3.0.7"
		},
		"simple-concat": {
			"version": "1.0.1"
		},
		"simple-get": {
			"version": "4.0.1",
			"requires": {
				"decompress-response": "^6.0.0",
				"once": "^1.3.1",
				"simple-concat": "^1.0.0"
			}
		},
		"string_decoder": {
			"version": "1.1.1",
			"requires": {
				"safe-buffer": "~5.1.0"
			}
		},
		"string-width": {
			"version": "1.0.2",
			"requires": {
				"code-point-at": "^1.0.0",
				"is-fullwidth-code-point": "^1.0.0",
				"strip-ansi": "^3.0.0"
			}
		},
		"strip-ansi": {
			"version": "3.0.1",
			"requires": {
				"ansi-regex": "^2.0.0"
			}
		},
		"strip-json-comments": {
			"version": "2.0.1"
		},
		"strtok3": {
			"version": "7.0.0",
			"resolved": "https://registry.npmjs.org/strtok3/-/strtok3-7.0.0.tgz",
			"integrity": "sha512-pQ+V+nYQdC5H3Q7qBZAz/MO6lwGhoC2gOAjuouGf/VO0m7vQRh8QNMl2Uf6SwAtzZ9bOw3UIeBukEGNJl5dtXQ==",
			"requires": {
				"@tokenizer/token": "^0.3.0",
				"peek-readable": "^5.0.0"
			}
		},
		"tar-fs": {
			"version": "2.1.1",
			"requires": {
				"chownr": "^1.1.1",
				"mkdirp-classic": "^0.5.2",
				"pump": "^3.0.0",
				"tar-stream": "^2.1.4"
			}
		},
		"tar-stream": {
			"version": "2.2.0",
			"requires": {
				"bl": "^4.0.3",
				"end-of-stream": "^1.4.1",
				"fs-constants": "^1.0.0",
				"inherits": "^2.0.3",
				"readable-stream": "^3.1.1"
			},
			"dependencies": {
				"readable-stream": {
					"version": "3.6.0",
					"requires": {
						"inherits": "^2.0.3",
						"string_decoder": "^1.1.1",
						"util-deprecate": "^1.0.1"
					}
				}
			}
		},
		"token-types": {
			"version": "5.0.1",
			"resolved": "https://registry.npmjs.org/token-types/-/token-types-5.0.1.tgz",
			"integrity": "sha512-Y2fmSnZjQdDb9W4w4r1tswlMHylzWIeOKpx0aZH9BgGtACHhrk3OkT52AzwcuqTRBZtvvnTjDBh8eynMulu8Vg==",
			"requires": {
				"@tokenizer/token": "^0.3.0",
				"ieee754": "^1.2.1"
			}
		},
		"ts-mixer": {
			"version": "6.0.1",
			"resolved": "https://registry.npmjs.org/ts-mixer/-/ts-mixer-6.0.1.tgz",
			"integrity": "sha512-hvE+ZYXuINrx6Ei6D6hz+PTim0Uf++dYbK9FFifLNwQj+RwKquhQpn868yZsCtJYiclZF1u8l6WZxxKi+vv7Rg=="
		},
		"tslib": {
			"version": "2.4.0",
			"resolved": "https://registry.npmjs.org/tslib/-/tslib-2.4.0.tgz",
			"integrity": "sha512-d6xOpEDfsi2CZVlPQzGeux8XMwLT9hssAsaPYExaQMuYskwb+x1x7J371tWlbBdWHroy99KnVB6qIkUbs5X3UQ=="
		},
		"tunnel-agent": {
			"version": "0.6.0",
			"requires": {
				"safe-buffer": "^5.0.1"
			}
		},
		"undici": {
			"version": "5.9.1",
			"resolved": "https://registry.npmjs.org/undici/-/undici-5.9.1.tgz",
			"integrity": "sha512-6fB3a+SNnWEm4CJbgo0/CWR8RGcOCQP68SF4X0mxtYTq2VNN8T88NYrWVBAeSX+zb7bny2dx2iYhP3XHi00omg=="
		},
		"util-deprecate": {
			"version": "1.0.2"
		},
		"wide-align": {
			"version": "1.1.5",
			"requires": {
				"string-width": "^1.0.2 || 2 || 3 || 4"
			}
		},
		"wrappy": {
			"version": "1.0.2"
		},
		"ws": {
			"version": "8.8.1",
			"requires": {}
		},
		"yallist": {
			"version": "4.0.0"
		}
	}
}
